
Microsoft Visual Studio Solution File, Format Version 12.00
# Visual Studio 15
VisualStudioVersion = 15.0.27703.2042
MinimumVisualStudioVersion = 10.0.40219.1
Project("{FAE04EC0-301F-11D3-BF4B-00C04F79EFBC}") = "designPattern", "designPattern\designPattern.csproj", "{786FAA8C-4566-4054-834A-7453ED616A50}"
EndProject
Project("{FAE04EC0-301F-11D3-BF4B-00C04F79EFBC}") = "designPatternTest", "designPatternTest\designPatternTest.csproj", "{7304BF71-72CE-40AD-BBB0-0272F2DD99C8}"
EndProject
Global
	GlobalSection(SolutionConfigurationPlatforms) = preSolution
		Debug|Any CPU = Debug|Any CPU
		Release|Any CPU = Release|Any CPU
	EndGlobalSection
	GlobalSection(ProjectConfigurationPlatforms) = postSolution
		{786FAA8C-4566-4054-834A-7453ED616A50}.Debug|Any CPU.ActiveCfg = Debug|Any CPU
		{786FAA8C-4566-4054-834A-7453ED616A50}.Debug|Any CPU.Build.0 = Debug|Any CPU
		{786FAA8C-4566-4054-834A-7453ED616A50}.Release|Any CPU.ActiveCfg = Release|Any CPU
		{786FAA8C-4566-4054-834A-7453ED616A50}.Release|Any CPU.Build.0 = Release|Any CPU
		{7304BF71-72CE-40AD-BBB0-0272F2DD99C8}.Debug|Any CPU.ActiveCfg = Debug|Any CPU
		{7304BF71-72CE-40AD-BBB0-0272F2DD99C8}.Debug|Any CPU.Build.0 = Debug|Any CPU
		{7304BF71-72CE-40AD-BBB0-0272F2DD99C8}.Release|Any CPU.ActiveCfg = Release|Any CPU
		{7304BF71-72CE-40AD-BBB0-0272F2DD99C8}.Release|Any CPU.Build.0 = Release|Any CPU
	EndGlobalSection
	GlobalSection(SolutionProperties) = preSolution
		HideSolutionNode = FALSE
	EndGlobalSection
	GlobalSection(ExtensibilityGlobals) = postSolution
		SolutionGuid = {C3A90A19-1831-401A-AA2D-11CD1020E2A4}
	EndGlobalSection
EndGlobal
